
Microsoft Visual Studio Solution File, Format Version 12.00
# Visual Studio Version 17
VisualStudioVersion = 17.11.35219.272
MinimumVisualStudioVersion = 10.0.40219.1
Project("{FAE04EC0-301F-11D3-BF4B-00C04F79EFBC}") = "MathPrj", "MathPrj\MathPrj.csproj", "{2EE82864-A364-45D9-BA9B-AB6691006732}"
EndProject
Project("{FAE04EC0-301F-11D3-BF4B-00C04F79EFBC}") = "random.proj", "random.proj\random.proj.csproj", "{64457148-DE71-4E2D-B347-EDA7EA6ECDC6}"
EndProject
Global
	GlobalSection(SolutionConfigurationPlatforms) = preSolution
		Debug|Any CPU = Debug|Any CPU
		Release|Any CPU = Release|Any CPU
	EndGlobalSection
	GlobalSection(ProjectConfigurationPlatforms) = postSolution
		{2EE82864-A364-45D9-BA9B-AB6691006732}.Debug|Any CPU.ActiveCfg = Debug|Any CPU
		{2EE82864-A364-45D9-BA9B-AB6691006732}.Debug|Any CPU.Build.0 = Debug|Any CPU
		{2EE82864-A364-45D9-BA9B-AB6691006732}.Release|Any CPU.ActiveCfg = Release|Any CPU
		{2EE82864-A364-45D9-BA9B-AB6691006732}.Release|Any CPU.Build.0 = Release|Any CPU
		{64457148-DE71-4E2D-B347-EDA7EA6ECDC6}.Debug|Any CPU.ActiveCfg = Debug|Any CPU
		{64457148-DE71-4E2D-B347-EDA7EA6ECDC6}.Debug|Any CPU.Build.0 = Debug|Any CPU
		{64457148-DE71-4E2D-B347-EDA7EA6ECDC6}.Release|Any CPU.ActiveCfg = Release|Any CPU
		{64457148-DE71-4E2D-B347-EDA7EA6ECDC6}.Release|Any CPU.Build.0 = Release|Any CPU
	EndGlobalSection
	GlobalSection(SolutionProperties) = preSolution
		HideSolutionNode = FALSE
	EndGlobalSection
	GlobalSection(ExtensibilityGlobals) = postSolution
		SolutionGuid = {7B2EA3DF-2DCA-47C0-86F4-9176DD3E9667}
	EndGlobalSection
EndGlobal
